{
  "lib/ens-contracts": {
    "tag": {
      "name": "v1.5.2",
      "rev": "5d51c1c5d79a679fe41a516c60dabd9c0232cc67"
    }
  },
  "lib/forge-std": {
    "rev": "8bbcf6e3f8f62f419e5429a0bd89331c85c37824"
  },
  "lib/openzeppelin-contracts": {
    "rev": "a5445b0afb8b350417b6e6ab3160554967bc151f"
  },
  "lib/openzeppelin-contracts-upgradeable": {
    "rev": "ac9661a4957daf94f1512d710e7a7c4df2cb7385"
  },
  "lib/solady": {
    "tag": {
      "name": "v0.1.26",
      "rev": "acd959aa4bd04720d640bf4e6a5c71037510cc4b"
    }
  }
}